
Microsoft Visual Studio Solution File, Format Version 12.00
Project("{FAE04EC0-301F-11D3-BF4B-00C04F79EFBC}") = "PreparationAvalonia", "PreparationAvalonia\PreparationAvalonia.csproj", "{1ED9587B-E4A9-442E-A3AD-0309542422BB}"
EndProject
Global
	GlobalSection(SolutionConfigurationPlatforms) = preSolution
		Debug|Any CPU = Debug|Any CPU
		Release|Any CPU = Release|Any CPU
	EndGlobalSection
	GlobalSection(ProjectConfigurationPlatforms) = postSolution
		{1ED9587B-E4A9-442E-A3AD-0309542422BB}.Debug|Any CPU.ActiveCfg = Debug|Any CPU
		{1ED9587B-E4A9-442E-A3AD-0309542422BB}.Debug|Any CPU.Build.0 = Debug|Any CPU
		{1ED9587B-E4A9-442E-A3AD-0309542422BB}.Release|Any CPU.ActiveCfg = Release|Any CPU
		{1ED9587B-E4A9-442E-A3AD-0309542422BB}.Release|Any CPU.Build.0 = Release|Any CPU
	EndGlobalSection
EndGlobal
